
Microsoft Visual Studio Solution File, Format Version 12.00
# Visual Studio 14
VisualStudioVersion = 14.0.25420.1
MinimumVisualStudioVersion = 10.0.40219.1
Project("{FAE04EC0-301F-11D3-BF4B-00C04F79EFBC}") = "Shamsullin.Common", "src\Shamsullin.Common\Shamsullin.Common.csproj", "{C9A7783F-E00F-4E07-BD38-9C2FCC926DFA}"
EndProject
Project("{FAE04EC0-301F-11D3-BF4B-00C04F79EFBC}") = "Shamsullin.Wcf", "src\Shamsullin.Wcf\Shamsullin.Wcf.csproj", "{A6C224E1-E502-4940-A4FF-05C2F9863502}"
EndProject
Project("{FAE04EC0-301F-11D3-BF4B-00C04F79EFBC}") = "Shamsullin.Win", "src\Shamsullin.Win\Shamsullin.Win.csproj", "{B16BF491-5346-4DEC-8B06-D8C3DDAF0303}"
EndProject
Project("{FAE04EC0-301F-11D3-BF4B-00C04F79EFBC}") = "Shamsullin.Rabbit", "src\Shamsullin.Rabbit\Shamsullin.Rabbit.csproj", "{92B25A78-9D69-4258-B3DD-09677726C3A1}"
EndProject
Project("{2150E333-8FDC-42A3-9474-1A3956D46DE8}") = "src", "src", "{40A5E288-6526-4E7B-889D-5BD9499E60DC}"
EndProject
Project("{FAE04EC0-301F-11D3-BF4B-00C04F79EFBC}") = "log4net.Appender.Telegram", "src\log4net.Appender.Telegram\log4net.Appender.Telegram.csproj", "{E01F43EB-E95F-456A-B594-C8A8667A3959}"
EndProject
Project("{FAE04EC0-301F-11D3-BF4B-00C04F79EFBC}") = "Shamsullin.WcfCache", "src\Shamsullin.WcfCache\Shamsullin.WcfCache.csproj", "{C761EF6A-4C9B-4D20-9681-4619547D5E5F}"
EndProject
Project("{FAE04EC0-301F-11D3-BF4B-00C04F79EFBC}") = "Shamsullin.RunAsService", "src\Shamsullin.RunAsService\Shamsullin.RunAsService.csproj", "{3C06A99D-A42C-4D7B-AFBC-804CDA090850}"
EndProject
Global
	GlobalSection(SolutionConfigurationPlatforms) = preSolution
		Debug|Any CPU = Debug|Any CPU
		Release|Any CPU = Release|Any CPU
	EndGlobalSection
	GlobalSection(ProjectConfigurationPlatforms) = postSolution
		{C9A7783F-E00F-4E07-BD38-9C2FCC926DFA}.Debug|Any CPU.ActiveCfg = Debug|Any CPU
		{C9A7783F-E00F-4E07-BD38-9C2FCC926DFA}.Debug|Any CPU.Build.0 = Debug|Any CPU
		{C9A7783F-E00F-4E07-BD38-9C2FCC926DFA}.Release|Any CPU.ActiveCfg = Release|Any CPU
		{C9A7783F-E00F-4E07-BD38-9C2FCC926DFA}.Release|Any CPU.Build.0 = Release|Any CPU
		{A6C224E1-E502-4940-A4FF-05C2F9863502}.Debug|Any CPU.ActiveCfg = Debug|Any CPU
		{A6C224E1-E502-4940-A4FF-05C2F9863502}.Debug|Any CPU.Build.0 = Debug|Any CPU
		{A6C224E1-E502-4940-A4FF-05C2F9863502}.Release|Any CPU.ActiveCfg = Release|Any CPU
		{A6C224E1-E502-4940-A4FF-05C2F9863502}.Release|Any CPU.Build.0 = Release|Any CPU
		{B16BF491-5346-4DEC-8B06-D8C3DDAF0303}.Debug|Any CPU.ActiveCfg = Debug|Any CPU
		{B16BF491-5346-4DEC-8B06-D8C3DDAF0303}.Debug|Any CPU.Build.0 = Debug|Any CPU
		{B16BF491-5346-4DEC-8B06-D8C3DDAF0303}.Release|Any CPU.ActiveCfg = Release|Any CPU
		{B16BF491-5346-4DEC-8B06-D8C3DDAF0303}.Release|Any CPU.Build.0 = Release|Any CPU
		{92B25A78-9D69-4258-B3DD-09677726C3A1}.Debug|Any CPU.ActiveCfg = Debug|Any CPU
		{92B25A78-9D69-4258-B3DD-09677726C3A1}.Debug|Any CPU.Build.0 = Debug|Any CPU
		{92B25A78-9D69-4258-B3DD-09677726C3A1}.Release|Any CPU.ActiveCfg = Release|Any CPU
		{92B25A78-9D69-4258-B3DD-09677726C3A1}.Release|Any CPU.Build.0 = Release|Any CPU
		{E01F43EB-E95F-456A-B594-C8A8667A3959}.Debug|Any CPU.ActiveCfg = Debug|Any CPU
		{E01F43EB-E95F-456A-B594-C8A8667A3959}.Debug|Any CPU.Build.0 = Debug|Any CPU
		{E01F43EB-E95F-456A-B594-C8A8667A3959}.Release|Any CPU.ActiveCfg = Release|Any CPU
		{E01F43EB-E95F-456A-B594-C8A8667A3959}.Release|Any CPU.Build.0 = Release|Any CPU
		{C761EF6A-4C9B-4D20-9681-4619547D5E5F}.Debug|Any CPU.ActiveCfg = Debug|Any CPU
		{C761EF6A-4C9B-4D20-9681-4619547D5E5F}.Debug|Any CPU.Build.0 = Debug|Any CPU
		{C761EF6A-4C9B-4D20-9681-4619547D5E5F}.Release|Any CPU.ActiveCfg = Release|Any CPU
		{C761EF6A-4C9B-4D20-9681-4619547D5E5F}.Release|Any CPU.Build.0 = Release|Any CPU
		{3C06A99D-A42C-4D7B-AFBC-804CDA090850}.Debug|Any CPU.ActiveCfg = Debug|Any CPU
		{3C06A99D-A42C-4D7B-AFBC-804CDA090850}.Debug|Any CPU.Build.0 = Debug|Any CPU
		{3C06A99D-A42C-4D7B-AFBC-804CDA090850}.Release|Any CPU.ActiveCfg = Release|Any CPU
		{3C06A99D-A42C-4D7B-AFBC-804CDA090850}.Release|Any CPU.Build.0 = Release|Any CPU
	EndGlobalSection
	GlobalSection(SolutionProperties) = preSolution
		HideSolutionNode = FALSE
	EndGlobalSection
	GlobalSection(NestedProjects) = preSolution
		{C9A7783F-E00F-4E07-BD38-9C2FCC926DFA} = {40A5E288-6526-4E7B-889D-5BD9499E60DC}
		{A6C224E1-E502-4940-A4FF-05C2F9863502} = {40A5E288-6526-4E7B-889D-5BD9499E60DC}
		{B16BF491-5346-4DEC-8B06-D8C3DDAF0303} = {40A5E288-6526-4E7B-889D-5BD9499E60DC}
		{92B25A78-9D69-4258-B3DD-09677726C3A1} = {40A5E288-6526-4E7B-889D-5BD9499E60DC}
		{E01F43EB-E95F-456A-B594-C8A8667A3959} = {40A5E288-6526-4E7B-889D-5BD9499E60DC}
		{C761EF6A-4C9B-4D20-9681-4619547D5E5F} = {40A5E288-6526-4E7B-889D-5BD9499E60DC}
		{3C06A99D-A42C-4D7B-AFBC-804CDA090850} = {40A5E288-6526-4E7B-889D-5BD9499E60DC}
	EndGlobalSection
EndGlobal
